
Microsoft Visual Studio Solution File, Format Version 12.00
# Visual Studio Version 16
VisualStudioVersion = 16.0.30320.27
MinimumVisualStudioVersion = 10.0.40219.1
Project("{FAE04EC0-301F-11D3-BF4B-00C04F79EFBC}") = "uri1042", "uri1042\uri1042.csproj", "{9ACAE977-C646-432B-B8BB-CA136B7E275E}"
EndProject
Global
	GlobalSection(SolutionConfigurationPlatforms) = preSolution
		Debug|Any CPU = Debug|Any CPU
		Release|Any CPU = Release|Any CPU
	EndGlobalSection
	GlobalSection(ProjectConfigurationPlatforms) = postSolution
		{9ACAE977-C646-432B-B8BB-CA136B7E275E}.Debug|Any CPU.ActiveCfg = Debug|Any CPU
		{9ACAE977-C646-432B-B8BB-CA136B7E275E}.Debug|Any CPU.Build.0 = Debug|Any CPU
		{9ACAE977-C646-432B-B8BB-CA136B7E275E}.Release|Any CPU.ActiveCfg = Release|Any CPU
		{9ACAE977-C646-432B-B8BB-CA136B7E275E}.Release|Any CPU.Build.0 = Release|Any CPU
	EndGlobalSection
	GlobalSection(SolutionProperties) = preSolution
		HideSolutionNode = FALSE
	EndGlobalSection
	GlobalSection(ExtensibilityGlobals) = postSolution
		SolutionGuid = {FDE6A152-9FF1-4A4C-92BC-A6D627962ADD}
	EndGlobalSection
EndGlobal
