
Microsoft Visual Studio Solution File, Format Version 12.00
# Visual Studio Version 16
VisualStudioVersion = 16.0.30320.27
MinimumVisualStudioVersion = 10.0.40219.1
Project("{FAE04EC0-301F-11D3-BF4B-00C04F79EFBC}") = "uri1007", "uri1007\uri1007.csproj", "{FBE9ADAD-A64C-4FB3-A5EF-2ED14C58E4A7}"
EndProject
Global
	GlobalSection(SolutionConfigurationPlatforms) = preSolution
		Debug|Any CPU = Debug|Any CPU
		Release|Any CPU = Release|Any CPU
	EndGlobalSection
	GlobalSection(ProjectConfigurationPlatforms) = postSolution
		{FBE9ADAD-A64C-4FB3-A5EF-2ED14C58E4A7}.Debug|Any CPU.ActiveCfg = Debug|Any CPU
		{FBE9ADAD-A64C-4FB3-A5EF-2ED14C58E4A7}.Debug|Any CPU.Build.0 = Debug|Any CPU
		{FBE9ADAD-A64C-4FB3-A5EF-2ED14C58E4A7}.Release|Any CPU.ActiveCfg = Release|Any CPU
		{FBE9ADAD-A64C-4FB3-A5EF-2ED14C58E4A7}.Release|Any CPU.Build.0 = Release|Any CPU
	EndGlobalSection
	GlobalSection(SolutionProperties) = preSolution
		HideSolutionNode = FALSE
	EndGlobalSection
	GlobalSection(ExtensibilityGlobals) = postSolution
		SolutionGuid = {42562429-8DD6-4A17-8A94-2CF627BB1ED1}
	EndGlobalSection
EndGlobal
