
Microsoft Visual Studio Solution File, Format Version 12.00
# Visual Studio Version 16
VisualStudioVersion = 16.0.30309.148
MinimumVisualStudioVersion = 10.0.40219.1
Project("{FAE04EC0-301F-11D3-BF4B-00C04F79EFBC}") = "uri1001", "uri1001\uri1001.csproj", "{64ACDD72-02E9-45DF-9011-F4DB13589244}"
EndProject
Global
	GlobalSection(SolutionConfigurationPlatforms) = preSolution
		Debug|Any CPU = Debug|Any CPU
		Release|Any CPU = Release|Any CPU
	EndGlobalSection
	GlobalSection(ProjectConfigurationPlatforms) = postSolution
		{64ACDD72-02E9-45DF-9011-F4DB13589244}.Debug|Any CPU.ActiveCfg = Debug|Any CPU
		{64ACDD72-02E9-45DF-9011-F4DB13589244}.Debug|Any CPU.Build.0 = Debug|Any CPU
		{64ACDD72-02E9-45DF-9011-F4DB13589244}.Release|Any CPU.ActiveCfg = Release|Any CPU
		{64ACDD72-02E9-45DF-9011-F4DB13589244}.Release|Any CPU.Build.0 = Release|Any CPU
	EndGlobalSection
	GlobalSection(SolutionProperties) = preSolution
		HideSolutionNode = FALSE
	EndGlobalSection
	GlobalSection(ExtensibilityGlobals) = postSolution
		SolutionGuid = {2A3CDA49-AD03-43A4-A562-0AB4B58B84A9}
	EndGlobalSection
EndGlobal
