
Microsoft Visual Studio Solution File, Format Version 12.00
# Visual Studio Version 16
VisualStudioVersion = 16.0.30320.27
MinimumVisualStudioVersion = 10.0.40219.1
Project("{FAE04EC0-301F-11D3-BF4B-00C04F79EFBC}") = "uri1004", "uri1004\uri1004.csproj", "{88334CC5-BA49-4065-B601-56F384FFA362}"
EndProject
Global
	GlobalSection(SolutionConfigurationPlatforms) = preSolution
		Debug|Any CPU = Debug|Any CPU
		Release|Any CPU = Release|Any CPU
	EndGlobalSection
	GlobalSection(ProjectConfigurationPlatforms) = postSolution
		{88334CC5-BA49-4065-B601-56F384FFA362}.Debug|Any CPU.ActiveCfg = Debug|Any CPU
		{88334CC5-BA49-4065-B601-56F384FFA362}.Debug|Any CPU.Build.0 = Debug|Any CPU
		{88334CC5-BA49-4065-B601-56F384FFA362}.Release|Any CPU.ActiveCfg = Release|Any CPU
		{88334CC5-BA49-4065-B601-56F384FFA362}.Release|Any CPU.Build.0 = Release|Any CPU
	EndGlobalSection
	GlobalSection(SolutionProperties) = preSolution
		HideSolutionNode = FALSE
	EndGlobalSection
	GlobalSection(ExtensibilityGlobals) = postSolution
		SolutionGuid = {6F10A1B9-94D8-4E6E-9B39-A915F62C3CBE}
	EndGlobalSection
EndGlobal
